{
    "_readme": [
        "This file locks the dependencies of your project to a known state",
        "Read more about it at http://getcomposer.org/doc/01-basic-usage.md#composer-lock-the-lock-file"
    ],
    "hash": "dbf08a5e9da74415ca3794b4b5329171",
    "packages": [
        {
            "name": "jackalope/jackalope",
            "version": "1.0.1",
            "source": {
                "type": "git",
                "url": "https://github.com/jackalope/jackalope.git",
                "reference": "605a3fb6d83c906d19ad88b2347be9453c96a19f"
            },
            "dist": {
                "type": "zip",
                "url": "https://api.github.com/repos/jackalope/jackalope/zipball/605a3fb6d83c906d19ad88b2347be9453c96a19f",
                "reference": "605a3fb6d83c906d19ad88b2347be9453c96a19f",
                "shasum": ""
            },
            "require": {
                "ext-libxml": "*",
                "jackalope/jackalope-transport": "*",
                "php": ">=5.3.2",
                "phpcr/phpcr": "~2.1.0",
                "phpcr/phpcr-utils": "~1.0.0"
            },
            "provide": {
                "phpcr/phpcr-implementation": "2.1.0"
            },
            "type": "library",
            "extra": {
                "branch-alias": {
                    "dev-master": "1.0-dev"
                }
            },
            "autoload": {
                "psr-0": {
                    "Jackalope\\": "src/"
                }
            },
            "notification-url": "https://packagist.org/downloads/",
            "license": [
                "MIT",
                "Apache-2.0"
            ],
            "authors": [
                {
                    "name": "Jackalope Community",
                    "homepage": "https://github.com/jackalope/jackalope/contributors"
                }
            ],
            "description": "Jackalope PHPCR library",
            "homepage": "http://jackalope.github.io",
            "keywords": [
                "phpcr"
            ],
            "time": "2013-11-06 10:28:46"
        },
        {
            "name": "jackalope/jackalope-jackrabbit",
            "version": "dev-master",
            "source": {
                "type": "git",
                "url": "https://github.com/jackalope/jackalope-jackrabbit.git",
                "reference": "b2c96329fca500f2e83c4e74fffa1b6f97a3f492"
            },
            "dist": {
                "type": "zip",
                "url": "https://api.github.com/repos/jackalope/jackalope-jackrabbit/zipball/b2c96329fca500f2e83c4e74fffa1b6f97a3f492",
                "reference": "b2c96329fca500f2e83c4e74fffa1b6f97a3f492",
                "shasum": ""
            },
            "require": {
                "ext-curl": "*",
                "ext-libxml": "*",
                "jackalope/jackalope": "~1.0.0",
                "php": ">=5.3.3",
                "phpcr/phpcr": "~2.1.0",
                "phpcr/phpcr-utils": "~1.0.0"
            },
            "provide": {
                "jackalope/jackalope-transport": "1.0.0"
            },
            "require-dev": {
                "phpcr/phpcr-api-tests": "~2.1.0",
                "symfony/console": "~2.0"
            },
            "bin": [
                "bin/jackalope",
                "bin/jackrabbit.sh"
            ],
            "type": "library",
            "extra": {
                "branch-alias": {
                    "dev-master": "1.0-dev"
                }
            },
            "autoload": {
                "psr-0": {
                    "Jackalope\\": "src/"
                }
            },
            "notification-url": "https://packagist.org/downloads/",
            "license": [
                "MIT",
                "Apache-2.0"
            ],
            "authors": [
                {
                    "name": "Jackalope Community",
                    "homepage": "https://github.com/jackalope/jackalope-jackrabbit/contributors"
                }
            ],
            "description": "Jackalope Transport library for Jackrabbit",
            "homepage": "http://jackalope.github.com",
            "keywords": [
                "jackrabbit",
                "phpcr",
                "transport implementation"
            ],
            "time": "2013-11-01 09:24:00"
        },
        {
            "name": "phpcr/phpcr",
            "version": "2.1.0",
            "source": {
                "type": "git",
                "url": "https://github.com/phpcr/phpcr.git",
                "reference": "f9483968fb77584e47c1dbf2dbc7906447f8c5b1"
            },
            "dist": {
                "type": "zip",
                "url": "https://api.github.com/repos/phpcr/phpcr/zipball/f9483968fb77584e47c1dbf2dbc7906447f8c5b1",
                "reference": "f9483968fb77584e47c1dbf2dbc7906447f8c5b1",
                "shasum": ""
            },
            "require": {
                "php": ">=5.3.0"
            },
            "type": "library",
            "extra": {
                "branch-alias": {
                    "dev-master": "2.1-dev"
                }
            },
            "autoload": {
                "psr-0": {
                    "PHPCR": "src"
                }
            },
            "notification-url": "https://packagist.org/downloads/",
            "license": [
                "MIT",
                "Apache-2.0"
            ],
            "authors": [
                {
                    "name": "Lukas Kahwe Smith",
                    "email": "smith@pooteeweet.org"
                },
                {
                    "name": "David Buchmann",
                    "email": "david@liip.ch"
                },
                {
                    "name": "Karsten Dambekalns",
                    "email": "karsten@typo3.org"
                }
            ],
            "description": "PHP Content Repository interfaces",
            "homepage": "http://phpcr.github.io",
            "keywords": [
                "contentrepository",
                "phpcr"
            ],
            "time": "2013-10-07 15:34:44"
        },
        {
            "name": "phpcr/phpcr-utils",
            "version": "1.0.0",
            "source": {
                "type": "git",
                "url": "https://github.com/phpcr/phpcr-utils.git",
                "reference": "7920ce3c60cffceb325819bfdf4ebe873df69839"
            },
            "dist": {
                "type": "zip",
                "url": "https://api.github.com/repos/phpcr/phpcr-utils/zipball/7920ce3c60cffceb325819bfdf4ebe873df69839",
                "reference": "7920ce3c60cffceb325819bfdf4ebe873df69839",
                "shasum": ""
            },
            "require": {
                "php": ">=5.3.0",
                "phpcr/phpcr": "~2.1.0",
                "symfony/console": "~2.0"
            },
            "type": "library",
            "extra": {
                "branch-alias": {
                    "dev-master": "1.0-dev"
                }
            },
            "autoload": {
                "psr-0": {
                    "PHPCR\\Util": "src"
                }
            },
            "notification-url": "https://packagist.org/downloads/",
            "license": [
                "MIT",
                "Apache-2.0"
            ],
            "authors": [
                {
                    "name": "Lukas Kahwe Smith",
                    "email": "smith@pooteeweet.org"
                },
                {
                    "name": "David Buchmann",
                    "email": "david@liip.ch"
                },
                {
                    "name": "Daniel Barsotti",
                    "email": "daniel.barsotti@liip.ch",
                    "role": "maintainer"
                },
                {
                    "name": "Nacho Martín",
                    "email": "nitram.ohcan@gmail.com"
                }
            ],
            "description": "PHP Content Repository implementation independant utilities",
            "homepage": "http://phpcr.github.com",
            "keywords": [
                "cli",
                "contentrepository",
                "phpcr"
            ],
            "time": "2013-10-10 19:46:30"
        },
        {
            "name": "symfony/console",
            "version": "v2.4.0",
            "target-dir": "Symfony/Component/Console",
            "source": {
                "type": "git",
                "url": "https://github.com/symfony/Console.git",
                "reference": "3c1496ae96d24ccc6c340fcc25f71d7a1ab4c12c"
            },
            "dist": {
                "type": "zip",
                "url": "https://api.github.com/repos/symfony/Console/zipball/3c1496ae96d24ccc6c340fcc25f71d7a1ab4c12c",
                "reference": "3c1496ae96d24ccc6c340fcc25f71d7a1ab4c12c",
                "shasum": ""
            },
            "require": {
                "php": ">=5.3.3"
            },
            "require-dev": {
                "symfony/event-dispatcher": "~2.1"
            },
            "suggest": {
                "symfony/event-dispatcher": ""
            },
            "type": "library",
            "extra": {
                "branch-alias": {
                    "dev-master": "2.4-dev"
                }
            },
            "autoload": {
                "psr-0": {
                    "Symfony\\Component\\Console\\": ""
                }
            },
            "notification-url": "https://packagist.org/downloads/",
            "license": [
                "MIT"
            ],
            "authors": [
                {
                    "name": "Fabien Potencier",
                    "email": "fabien@symfony.com"
                },
                {
                    "name": "Symfony Community",
                    "homepage": "http://symfony.com/contributors"
                }
            ],
            "description": "Symfony Console Component",
            "homepage": "http://symfony.com",
            "time": "2013-11-27 09:10:40"
        },
        {
            "name": "symfony/yaml",
            "version": "dev-master",
            "target-dir": "Symfony/Component/Yaml",
            "source": {
                "type": "git",
                "url": "https://github.com/symfony/Yaml.git",
                "reference": "1481f096caead542c2dfadd67d9fd6124d97e273"
            },
            "dist": {
                "type": "zip",
                "url": "https://api.github.com/repos/symfony/Yaml/zipball/1481f096caead542c2dfadd67d9fd6124d97e273",
                "reference": "1481f096caead542c2dfadd67d9fd6124d97e273",
                "shasum": ""
            },
            "require": {
                "php": ">=5.3.3"
            },
            "type": "library",
            "extra": {
                "branch-alias": {
                    "dev-master": "2.5-dev"
                }
            },
            "autoload": {
                "psr-0": {
                    "Symfony\\Component\\Yaml\\": ""
                }
            },
            "notification-url": "https://packagist.org/downloads/",
            "license": [
                "MIT"
            ],
            "authors": [
                {
                    "name": "Fabien Potencier",
                    "email": "fabien@symfony.com"
                },
                {
                    "name": "Symfony Community",
                    "homepage": "http://symfony.com/contributors"
                }
            ],
            "description": "Symfony Yaml Component",
            "homepage": "http://symfony.com",
            "time": "2013-11-26 16:42:52"
        }
    ],
    "packages-dev": [

    ],
    "aliases": [

    ],
    "minimum-stability": "stable",
    "stability-flags": {
        "symfony/yaml": 20,
        "jackalope/jackalope-jackrabbit": 20
    },
    "platform": [

    ],
    "platform-dev": [

    ]
}
