{
    "_readme": [
        "This file locks the dependencies of your project to a known state",
        "Read more about it at http://getcomposer.org/doc/01-basic-usage.md#composer-lock-the-lock-file"
    ],
    "hash": "13c93a6835fe642cba0cd8ae8663068b",
    "packages": [
        {
            "name": "jackalope/jackalope",
            "version": "1.1.1",
            "source": {
                "type": "git",
                "url": "https://github.com/jackalope/jackalope.git",
                "reference": "1f936da47bd29deb8b0a1a21af46519485f99d37"
            },
            "dist": {
                "type": "zip",
                "url": "https://api.github.com/repos/jackalope/jackalope/zipball/1f936da47bd29deb8b0a1a21af46519485f99d37",
                "reference": "1f936da47bd29deb8b0a1a21af46519485f99d37",
                "shasum": ""
            },
            "require": {
                "ext-xml": "*",
                "jackalope/jackalope-transport": "*",
                "php": ">=5.3.2",
                "phpcr/phpcr": "~2.1.0",
                "phpcr/phpcr-utils": "~1.1.0"
            },
            "provide": {
                "phpcr/phpcr-implementation": "2.1.0"
            },
            "type": "library",
            "extra": {
                "branch-alias": {
                    "dev-master": "1.1-dev"
                }
            },
            "autoload": {
                "psr-0": {
                    "Jackalope\\": "src/"
                }
            },
            "notification-url": "https://packagist.org/downloads/",
            "license": [
                "MIT",
                "Apache-2.0"
            ],
            "authors": [
                {
                    "name": "Jackalope Community",
                    "homepage": "https://github.com/jackalope/jackalope/contributors"
                }
            ],
            "description": "Jackalope PHPCR library",
            "homepage": "http://jackalope.github.io",
            "keywords": [
                "phpcr"
            ],
            "time": "2014-04-04 10:29:19"
        },
        {
            "name": "jackalope/jackalope-jackrabbit",
            "version": "1.1.1",
            "source": {
                "type": "git",
                "url": "https://github.com/jackalope/jackalope-jackrabbit.git",
                "reference": "b4744acbceb7ad70484ec4e4d2391df4a5a533fc"
            },
            "dist": {
                "type": "zip",
                "url": "https://api.github.com/repos/jackalope/jackalope-jackrabbit/zipball/b4744acbceb7ad70484ec4e4d2391df4a5a533fc",
                "reference": "b4744acbceb7ad70484ec4e4d2391df4a5a533fc",
                "shasum": ""
            },
            "require": {
                "ext-curl": "*",
                "ext-xml": "*",
                "jackalope/jackalope": "~1.1.0",
                "php": ">=5.3.3",
                "phpcr/phpcr": "~2.1.0",
                "phpcr/phpcr-utils": "~1.1.0"
            },
            "provide": {
                "jackalope/jackalope-transport": "1.1.0"
            },
            "require-dev": {
                "phpcr/phpcr-api-tests": "~2.1.0",
                "psr/log": "~1.0",
                "symfony/console": "~2.0"
            },
            "bin": [
                "bin/jackalope",
                "bin/jackrabbit.sh"
            ],
            "type": "library",
            "extra": {
                "branch-alias": {
                    "dev-master": "1.1-dev"
                }
            },
            "autoload": {
                "psr-0": {
                    "Jackalope\\": "src/"
                }
            },
            "notification-url": "https://packagist.org/downloads/",
            "license": [
                "MIT",
                "Apache-2.0"
            ],
            "authors": [
                {
                    "name": "Jackalope Community",
                    "homepage": "https://github.com/jackalope/jackalope-jackrabbit/contributors"
                }
            ],
            "description": "Jackalope Transport library for Jackrabbit",
            "homepage": "http://jackalope.github.com",
            "keywords": [
                "jackrabbit",
                "phpcr",
                "transport implementation"
            ],
            "time": "2014-02-28 17:26:50"
        },
        {
            "name": "phpcr/phpcr",
            "version": "2.1.1",
            "source": {
                "type": "git",
                "url": "https://github.com/phpcr/phpcr.git",
                "reference": "eea4472c18e6f01fed9ce30dbada8255759ab810"
            },
            "dist": {
                "type": "zip",
                "url": "https://api.github.com/repos/phpcr/phpcr/zipball/eea4472c18e6f01fed9ce30dbada8255759ab810",
                "reference": "eea4472c18e6f01fed9ce30dbada8255759ab810",
                "shasum": ""
            },
            "require": {
                "php": ">=5.3.0"
            },
            "type": "library",
            "extra": {
                "branch-alias": {
                    "dev-master": "2.1-dev"
                }
            },
            "autoload": {
                "psr-0": {
                    "PHPCR": "src"
                }
            },
            "notification-url": "https://packagist.org/downloads/",
            "license": [
                "MIT",
                "Apache-2.0"
            ],
            "authors": [
                {
                    "name": "Lukas Kahwe Smith",
                    "email": "smith@pooteeweet.org"
                },
                {
                    "name": "David Buchmann",
                    "email": "david@liip.ch"
                },
                {
                    "name": "Karsten Dambekalns",
                    "email": "karsten@typo3.org"
                }
            ],
            "description": "PHP Content Repository interfaces",
            "homepage": "http://phpcr.github.io",
            "keywords": [
                "contentrepository",
                "phpcr"
            ],
            "time": "2014-03-03 07:42:27"
        },
        {
            "name": "phpcr/phpcr-utils",
            "version": "1.1.0",
            "source": {
                "type": "git",
                "url": "https://github.com/phpcr/phpcr-utils.git",
                "reference": "e50943432f8e26f9fc05af7994f8747ead3270fa"
            },
            "dist": {
                "type": "zip",
                "url": "https://api.github.com/repos/phpcr/phpcr-utils/zipball/e50943432f8e26f9fc05af7994f8747ead3270fa",
                "reference": "e50943432f8e26f9fc05af7994f8747ead3270fa",
                "shasum": ""
            },
            "require": {
                "php": ">=5.3.0",
                "phpcr/phpcr": "~2.1.0",
                "symfony/console": "~2.0"
            },
            "type": "library",
            "extra": {
                "branch-alias": {
                    "dev-master": "1.1-dev"
                }
            },
            "autoload": {
                "psr-0": {
                    "PHPCR\\Util": "src"
                }
            },
            "notification-url": "https://packagist.org/downloads/",
            "license": [
                "MIT",
                "Apache-2.0"
            ],
            "authors": [
                {
                    "name": "Lukas Kahwe Smith",
                    "email": "smith@pooteeweet.org"
                },
                {
                    "name": "David Buchmann",
                    "email": "david@liip.ch"
                },
                {
                    "name": "Daniel Barsotti",
                    "email": "daniel.barsotti@liip.ch",
                    "role": "maintainer"
                },
                {
                    "name": "Nacho Martín",
                    "email": "nitram.ohcan@gmail.com"
                }
            ],
            "description": "PHP Content Repository implementation independant utilities",
            "homepage": "http://phpcr.github.com",
            "keywords": [
                "cli",
                "contentrepository",
                "phpcr"
            ],
            "time": "2014-02-02 18:30:21"
        },
        {
            "name": "symfony/console",
            "version": "v2.4.4",
            "target-dir": "Symfony/Component/Console",
            "source": {
                "type": "git",
                "url": "https://github.com/symfony/Console.git",
                "reference": "2e452005b1e1d003d23702d227e23614679eb5ca"
            },
            "dist": {
                "type": "zip",
                "url": "https://api.github.com/repos/symfony/Console/zipball/2e452005b1e1d003d23702d227e23614679eb5ca",
                "reference": "2e452005b1e1d003d23702d227e23614679eb5ca",
                "shasum": ""
            },
            "require": {
                "php": ">=5.3.3"
            },
            "require-dev": {
                "symfony/event-dispatcher": "~2.1"
            },
            "suggest": {
                "symfony/event-dispatcher": ""
            },
            "type": "library",
            "extra": {
                "branch-alias": {
                    "dev-master": "2.4-dev"
                }
            },
            "autoload": {
                "psr-0": {
                    "Symfony\\Component\\Console\\": ""
                }
            },
            "notification-url": "https://packagist.org/downloads/",
            "license": [
                "MIT"
            ],
            "authors": [
                {
                    "name": "Fabien Potencier",
                    "email": "fabien@symfony.com",
                    "homepage": "http://fabien.potencier.org",
                    "role": "Lead Developer"
                },
                {
                    "name": "Symfony Community",
                    "homepage": "http://symfony.com/contributors"
                }
            ],
            "description": "Symfony Console Component",
            "homepage": "http://symfony.com",
            "time": "2014-04-27 13:34:57"
        },
        {
            "name": "symfony/yaml",
            "version": "v2.4.4",
            "target-dir": "Symfony/Component/Yaml",
            "source": {
                "type": "git",
                "url": "https://github.com/symfony/Yaml.git",
                "reference": "65539ecde838f9c0d18b006b2101e3deb4b5c9ff"
            },
            "dist": {
                "type": "zip",
                "url": "https://api.github.com/repos/symfony/Yaml/zipball/65539ecde838f9c0d18b006b2101e3deb4b5c9ff",
                "reference": "65539ecde838f9c0d18b006b2101e3deb4b5c9ff",
                "shasum": ""
            },
            "require": {
                "php": ">=5.3.3"
            },
            "type": "library",
            "extra": {
                "branch-alias": {
                    "dev-master": "2.4-dev"
                }
            },
            "autoload": {
                "psr-0": {
                    "Symfony\\Component\\Yaml\\": ""
                }
            },
            "notification-url": "https://packagist.org/downloads/",
            "license": [
                "MIT"
            ],
            "authors": [
                {
                    "name": "Fabien Potencier",
                    "email": "fabien@symfony.com",
                    "homepage": "http://fabien.potencier.org",
                    "role": "Lead Developer"
                },
                {
                    "name": "Symfony Community",
                    "homepage": "http://symfony.com/contributors"
                }
            ],
            "description": "Symfony Yaml Component",
            "homepage": "http://symfony.com",
            "time": "2014-04-18 20:37:09"
        }
    ],
    "packages-dev": [

    ],
    "aliases": [

    ],
    "minimum-stability": "stable",
    "stability-flags": [

    ],
    "platform": {
        "php": ">=5.3.3"
    },
    "platform-dev": [

    ]
}
